// !$*UTF8*$!
{
	archiveVersion = 1;
	classes = {
	};
	objectVersion = 46;
	objects = {

/* Begin PBXBuildFile section */
		71773BC318FC18A4009136DE /* CoreData.framework in Frameworks */ = {isa = PBXBuildFile; fileRef = 71773BC218FC18A4009136DE /* CoreData.framework */; };
		C33BD83CD2474C59BF1D8988 /* libPods.a in Frameworks */ = {isa = PBXBuildFile; fileRef = AA261B015A3545C3867DFDD4 /* libPods.a */; };
		CE527A7F18FDB63D0046B7B3 /* CityCell.m in Sources */ = {isa = PBXBuildFile; fileRef = CE527A7E18FDB63D0046B7B3 /* CityCell.m */; };
		CE527A8118FDD4530046B7B3 /* CoreLocation.framework in Frameworks */ = {isa = PBXBuildFile; fileRef = CE527A8018FDD4530046B7B3 /* CoreLocation.framework */; };
		CE84454018FE5CEC001C4C2E /* UserHereTrackingAnnotation.m in Sources */ = {isa = PBXBuildFile; fileRef = CE84453F18FE5CEC001C4C2E /* UserHereTrackingAnnotation.m */; };
		CE84454418FE5E4C001C4C2E /* CityAnnotation.m in Sources */ = {isa = PBXBuildFile; fileRef = CE84454318FE5E4C001C4C2E /* CityAnnotation.m */; };
		CE84454718FE62D3001C4C2E /* UserTrackingAnnotation.m in Sources */ = {isa = PBXBuildFile; fileRef = CE84454618FE62D3001C4C2E /* UserTrackingAnnotation.m */; };
		CE9F328C18FD7EB0007CC21E /* City.m in Sources */ = {isa = PBXBuildFile; fileRef = CE9F328B18FD7EB0007CC21E /* City.m */; };
		CE9F328F18FD8FB6007CC21E /* Coordinate.m in Sources */ = {isa = PBXBuildFile; fileRef = CE9F328E18FD8FB6007CC21E /* Coordinate.m */; };
		CE9F329218FD9652007CC21E /* Weather.m in Sources */ = {isa = PBXBuildFile; fileRef = CE9F329118FD9652007CC21E /* Weather.m */; };
		CE9F329518FDA08A007CC21E /* Wind.m in Sources */ = {isa = PBXBuildFile; fileRef = CE9F329418FDA08A007CC21E /* Wind.m */; };
		CE9F329718FDAE97007CC21E /* MapKit.framework in Frameworks */ = {isa = PBXBuildFile; fileRef = CE9F329618FDAE97007CC21E /* MapKit.framework */; };
		CEA929E218FA9C97001673B1 /* AGTSimpleCoreDataStack.m in Sources */ = {isa = PBXBuildFile; fileRef = CEA929E118FA9C97001673B1 /* AGTSimpleCoreDataStack.m */; };
		CEA929E518FAA2DE001673B1 /* Model.xcdatamodeld in Sources */ = {isa = PBXBuildFile; fileRef = CEA929E318FAA2DE001673B1 /* Model.xcdatamodeld */; };
		CEA92A4C18FAF1D0001673B1 /* _JHMAlert.m in Sources */ = {isa = PBXBuildFile; fileRef = CEA92A3D18FAF1D0001673B1 /* _JHMAlert.m */; };
		CEA92A4D18FAF1D0001673B1 /* _JHMCity.m in Sources */ = {isa = PBXBuildFile; fileRef = CEA92A3F18FAF1D0001673B1 /* _JHMCity.m */; };
		CEA92A4E18FAF1D0001673B1 /* _JHMNamedEntity.m in Sources */ = {isa = PBXBuildFile; fileRef = CEA92A4118FAF1D0001673B1 /* _JHMNamedEntity.m */; };
		CEA92A4F18FAF1D0001673B1 /* _JHMWindDirectionsCatalog.m in Sources */ = {isa = PBXBuildFile; fileRef = CEA92A4318FAF1D0001673B1 /* _JHMWindDirectionsCatalog.m */; };
		CEA92A5018FAF1D0001673B1 /* JHMAlert.m in Sources */ = {isa = PBXBuildFile; fileRef = CEA92A4518FAF1D0001673B1 /* JHMAlert.m */; };
		CEA92A5118FAF1D0001673B1 /* JHMCity.m in Sources */ = {isa = PBXBuildFile; fileRef = CEA92A4718FAF1D0001673B1 /* JHMCity.m */; };
		CEA92A5218FAF1D0001673B1 /* JHMNamedEntity.m in Sources */ = {isa = PBXBuildFile; fileRef = CEA92A4918FAF1D0001673B1 /* JHMNamedEntity.m */; };
		CEA92A5318FAF1D0001673B1 /* JHMWindDirectionsCatalog.m in Sources */ = {isa = PBXBuildFile; fileRef = CEA92A4B18FAF1D0001673B1 /* JHMWindDirectionsCatalog.m */; };
		CEB76DE818F9A9AF007D8421 /* Foundation.framework in Frameworks */ = {isa = PBXBuildFile; fileRef = CEB76DE718F9A9AF007D8421 /* Foundation.framework */; };
		CEB76DEA18F9A9B0007D8421 /* CoreGraphics.framework in Frameworks */ = {isa = PBXBuildFile; fileRef = CEB76DE918F9A9B0007D8421 /* CoreGraphics.framework */; };
		CEB76DEC18F9A9B0007D8421 /* UIKit.framework in Frameworks */ = {isa = PBXBuildFile; fileRef = CEB76DEB18F9A9B0007D8421 /* UIKit.framework */; };
		CEB76DF218F9A9B0007D8421 /* InfoPlist.strings in Resources */ = {isa = PBXBuildFile; fileRef = CEB76DF018F9A9B0007D8421 /* InfoPlist.strings */; };
		CEB76DF418F9A9B0007D8421 /* main.m in Sources */ = {isa = PBXBuildFile; fileRef = CEB76DF318F9A9B0007D8421 /* main.m */; };
		CEB76DF818F9A9B0007D8421 /* AppDelegate.m in Sources */ = {isa = PBXBuildFile; fileRef = CEB76DF718F9A9B0007D8421 /* AppDelegate.m */; };
		CEB76DFB18F9A9B0007D8421 /* Main_iPhone.storyboard in Resources */ = {isa = PBXBuildFile; fileRef = CEB76DF918F9A9B0007D8421 /* Main_iPhone.storyboard */; };
		CEB76DFE18F9A9B0007D8421 /* Main_iPad.storyboard in Resources */ = {isa = PBXBuildFile; fileRef = CEB76DFC18F9A9B0007D8421 /* Main_iPad.storyboard */; };
		CEB76E0318F9A9B0007D8421 /* Images.xcassets in Resources */ = {isa = PBXBuildFile; fileRef = CEB76E0218F9A9B0007D8421 /* Images.xcassets */; };
		CEB76E0A18F9A9B0007D8421 /* XCTest.framework in Frameworks */ = {isa = PBXBuildFile; fileRef = CEB76E0918F9A9B0007D8421 /* XCTest.framework */; };
		CEB76E0B18F9A9B0007D8421 /* Foundation.framework in Frameworks */ = {isa = PBXBuildFile; fileRef = CEB76DE718F9A9AF007D8421 /* Foundation.framework */; };
		CEB76E0C18F9A9B0007D8421 /* UIKit.framework in Frameworks */ = {isa = PBXBuildFile; fileRef = CEB76DEB18F9A9B0007D8421 /* UIKit.framework */; };
		CEB76E1418F9A9B0007D8421 /* InfoPlist.strings in Resources */ = {isa = PBXBuildFile; fileRef = CEB76E1218F9A9B0007D8421 /* InfoPlist.strings */; };
		CEB76E1618F9A9B0007D8421 /* iOSWindChallengeTests.m in Sources */ = {isa = PBXBuildFile; fileRef = CEB76E1518F9A9B0007D8421 /* iOSWindChallengeTests.m */; };
		CEB76E2318F9B087007D8421 /* ViewController.m in Sources */ = {isa = PBXBuildFile; fileRef = CEB76E2218F9B087007D8421 /* ViewController.m */; };
		CEB76E2718F9B5A9007D8421 /* DetailWeatherCityViewController.m in Sources */ = {isa = PBXBuildFile; fileRef = CEB76E2618F9B5A9007D8421 /* DetailWeatherCityViewController.m */; };
/* End PBXBuildFile section */

/* Begin PBXContainerItemProxy section */
		CEB76E0D18F9A9B0007D8421 /* PBXContainerItemProxy */ = {
			isa = PBXContainerItemProxy;
			containerPortal = CEB76DDC18F9A9AF007D8421 /* Project object */;
			proxyType = 1;
			remoteGlobalIDString = CEB76DE318F9A9AF007D8421;
			remoteInfo = iOSWindChallenge;
		};
/* End PBXContainerItemProxy section */

/* Begin PBXFileReference section */
		71773BC218FC18A4009136DE /* CoreData.framework */ = {isa = PBXFileReference; lastKnownFileType = wrapper.framework; name = CoreData.framework; path = System/Library/Frameworks/CoreData.framework; sourceTree = SDKROOT; };
		8F2402166A36415CAE25014E /* Pods.xcconfig */ = {isa = PBXFileReference; includeInIndex = 1; lastKnownFileType = text.xcconfig; name = Pods.xcconfig; path = Pods/Pods.xcconfig; sourceTree = "<group>"; };
		AA261B015A3545C3867DFDD4 /* libPods.a */ = {isa = PBXFileReference; explicitFileType = archive.ar; includeInIndex = 0; path = libPods.a; sourceTree = BUILT_PRODUCTS_DIR; };
		CE527A7D18FDB63D0046B7B3 /* CityCell.h */ = {isa = PBXFileReference; fileEncoding = 4; lastKnownFileType = sourcecode.c.h; path = CityCell.h; sourceTree = "<group>"; };
		CE527A7E18FDB63D0046B7B3 /* CityCell.m */ = {isa = PBXFileReference; fileEncoding = 4; lastKnownFileType = sourcecode.c.objc; path = CityCell.m; sourceTree = "<group>"; };
		CE527A8018FDD4530046B7B3 /* CoreLocation.framework */ = {isa = PBXFileReference; lastKnownFileType = wrapper.framework; name = CoreLocation.framework; path = System/Library/Frameworks/CoreLocation.framework; sourceTree = SDKROOT; };
		CE84453E18FE5CEC001C4C2E /* UserHereTrackingAnnotation.h */ = {isa = PBXFileReference; fileEncoding = 4; lastKnownFileType = sourcecode.c.h; path = UserHereTrackingAnnotation.h; sourceTree = "<group>"; };
		CE84453F18FE5CEC001C4C2E /* UserHereTrackingAnnotation.m */ = {isa = PBXFileReference; fileEncoding = 4; lastKnownFileType = sourcecode.c.objc; path = UserHereTrackingAnnotation.m; sourceTree = "<group>"; };
		CE84454218FE5E4C001C4C2E /* CityAnnotation.h */ = {isa = PBXFileReference; fileEncoding = 4; lastKnownFileType = sourcecode.c.h; path = CityAnnotation.h; sourceTree = "<group>"; };
		CE84454318FE5E4C001C4C2E /* CityAnnotation.m */ = {isa = PBXFileReference; fileEncoding = 4; lastKnownFileType = sourcecode.c.objc; path = CityAnnotation.m; sourceTree = "<group>"; };
		CE84454518FE62D3001C4C2E /* UserTrackingAnnotation.h */ = {isa = PBXFileReference; fileEncoding = 4; lastKnownFileType = sourcecode.c.h; path = UserTrackingAnnotation.h; sourceTree = "<group>"; };
		CE84454618FE62D3001C4C2E /* UserTrackingAnnotation.m */ = {isa = PBXFileReference; fileEncoding = 4; lastKnownFileType = sourcecode.c.objc; path = UserTrackingAnnotation.m; sourceTree = "<group>"; };
		CE9F328A18FD7EB0007CC21E /* City.h */ = {isa = PBXFileReference; fileEncoding = 4; lastKnownFileType = sourcecode.c.h; name = City.h; path = model/City.h; sourceTree = "<group>"; };
		CE9F328B18FD7EB0007CC21E /* City.m */ = {isa = PBXFileReference; fileEncoding = 4; lastKnownFileType = sourcecode.c.objc; name = City.m; path = model/City.m; sourceTree = "<group>"; };
		CE9F328D18FD8FB6007CC21E /* Coordinate.h */ = {isa = PBXFileReference; fileEncoding = 4; lastKnownFileType = sourcecode.c.h; name = Coordinate.h; path = model/Coordinate.h; sourceTree = "<group>"; };
		CE9F328E18FD8FB6007CC21E /* Coordinate.m */ = {isa = PBXFileReference; fileEncoding = 4; lastKnownFileType = sourcecode.c.objc; name = Coordinate.m; path = model/Coordinate.m; sourceTree = "<group>"; };
		CE9F329018FD9652007CC21E /* Weather.h */ = {isa = PBXFileReference; fileEncoding = 4; lastKnownFileType = sourcecode.c.h; name = Weather.h; path = model/Weather.h; sourceTree = "<group>"; };
		CE9F329118FD9652007CC21E /* Weather.m */ = {isa = PBXFileReference; fileEncoding = 4; lastKnownFileType = sourcecode.c.objc; name = Weather.m; path = model/Weather.m; sourceTree = "<group>"; };
		CE9F329318FDA08A007CC21E /* Wind.h */ = {isa = PBXFileReference; fileEncoding = 4; lastKnownFileType = sourcecode.c.h; path = Wind.h; sourceTree = "<group>"; };
		CE9F329418FDA08A007CC21E /* Wind.m */ = {isa = PBXFileReference; fileEncoding = 4; lastKnownFileType = sourcecode.c.objc; path = Wind.m; sourceTree = "<group>"; };
		CE9F329618FDAE97007CC21E /* MapKit.framework */ = {isa = PBXFileReference; lastKnownFileType = wrapper.framework; name = MapKit.framework; path = System/Library/Frameworks/MapKit.framework; sourceTree = SDKROOT; };
		CEA929E018FA9C97001673B1 /* AGTSimpleCoreDataStack.h */ = {isa = PBXFileReference; fileEncoding = 4; lastKnownFileType = sourcecode.c.h; path = AGTSimpleCoreDataStack.h; sourceTree = "<group>"; };
		CEA929E118FA9C97001673B1 /* AGTSimpleCoreDataStack.m */ = {isa = PBXFileReference; fileEncoding = 4; lastKnownFileType = sourcecode.c.objc; path = AGTSimpleCoreDataStack.m; sourceTree = "<group>"; };
		CEA929E418FAA2DE001673B1 /* Model.xcdatamodel */ = {isa = PBXFileReference; lastKnownFileType = wrapper.xcdatamodel; path = Model.xcdatamodel; sourceTree = "<group>"; };
		CEA92A3C18FAF1D0001673B1 /* _JHMAlert.h */ = {isa = PBXFileReference; fileEncoding = 4; lastKnownFileType = sourcecode.c.h; path = _JHMAlert.h; sourceTree = SOURCE_ROOT; };
		CEA92A3D18FAF1D0001673B1 /* _JHMAlert.m */ = {isa = PBXFileReference; fileEncoding = 4; lastKnownFileType = sourcecode.c.objc; path = _JHMAlert.m; sourceTree = SOURCE_ROOT; };
		CEA92A3E18FAF1D0001673B1 /* _JHMCity.h */ = {isa = PBXFileReference; fileEncoding = 4; lastKnownFileType = sourcecode.c.h; path = _JHMCity.h; sourceTree = SOURCE_ROOT; };
		CEA92A3F18FAF1D0001673B1 /* _JHMCity.m */ = {isa = PBXFileReference; fileEncoding = 4; lastKnownFileType = sourcecode.c.objc; path = _JHMCity.m; sourceTree = SOURCE_ROOT; };
		CEA92A4018FAF1D0001673B1 /* _JHMNamedEntity.h */ = {isa = PBXFileReference; fileEncoding = 4; lastKnownFileType = sourcecode.c.h; path = _JHMNamedEntity.h; sourceTree = SOURCE_ROOT; };
		CEA92A4118FAF1D0001673B1 /* _JHMNamedEntity.m */ = {isa = PBXFileReference; fileEncoding = 4; lastKnownFileType = sourcecode.c.objc; path = _JHMNamedEntity.m; sourceTree = SOURCE_ROOT; };
		CEA92A4218FAF1D0001673B1 /* _JHMWindDirectionsCatalog.h */ = {isa = PBXFileReference; fileEncoding = 4; lastKnownFileType = sourcecode.c.h; path = _JHMWindDirectionsCatalog.h; sourceTree = SOURCE_ROOT; };
		CEA92A4318FAF1D0001673B1 /* _JHMWindDirectionsCatalog.m */ = {isa = PBXFileReference; fileEncoding = 4; lastKnownFileType = sourcecode.c.objc; path = _JHMWindDirectionsCatalog.m; sourceTree = SOURCE_ROOT; };
		CEA92A4418FAF1D0001673B1 /* JHMAlert.h */ = {isa = PBXFileReference; fileEncoding = 4; lastKnownFileType = sourcecode.c.h; path = JHMAlert.h; sourceTree = SOURCE_ROOT; };
		CEA92A4518FAF1D0001673B1 /* JHMAlert.m */ = {isa = PBXFileReference; fileEncoding = 4; lastKnownFileType = sourcecode.c.objc; path = JHMAlert.m; sourceTree = SOURCE_ROOT; };
		CEA92A4618FAF1D0001673B1 /* JHMCity.h */ = {isa = PBXFileReference; fileEncoding = 4; lastKnownFileType = sourcecode.c.h; path = JHMCity.h; sourceTree = SOURCE_ROOT; };
		CEA92A4718FAF1D0001673B1 /* JHMCity.m */ = {isa = PBXFileReference; fileEncoding = 4; lastKnownFileType = sourcecode.c.objc; path = JHMCity.m; sourceTree = SOURCE_ROOT; };
		CEA92A4818FAF1D0001673B1 /* JHMNamedEntity.h */ = {isa = PBXFileReference; fileEncoding = 4; lastKnownFileType = sourcecode.c.h; path = JHMNamedEntity.h; sourceTree = SOURCE_ROOT; };
		CEA92A4918FAF1D0001673B1 /* JHMNamedEntity.m */ = {isa = PBXFileReference; fileEncoding = 4; lastKnownFileType = sourcecode.c.objc; path = JHMNamedEntity.m; sourceTree = SOURCE_ROOT; };
		CEA92A4A18FAF1D0001673B1 /* JHMWindDirectionsCatalog.h */ = {isa = PBXFileReference; fileEncoding = 4; lastKnownFileType = sourcecode.c.h; path = JHMWindDirectionsCatalog.h; sourceTree = SOURCE_ROOT; };
		CEA92A4B18FAF1D0001673B1 /* JHMWindDirectionsCatalog.m */ = {isa = PBXFileReference; fileEncoding = 4; lastKnownFileType = sourcecode.c.objc; path = JHMWindDirectionsCatalog.m; sourceTree = SOURCE_ROOT; };
		CEB76DE418F9A9AF007D8421 /* iOSWindChallenge.app */ = {isa = PBXFileReference; explicitFileType = wrapper.application; includeInIndex = 0; path = iOSWindChallenge.app; sourceTree = BUILT_PRODUCTS_DIR; };
		CEB76DE718F9A9AF007D8421 /* Foundation.framework */ = {isa = PBXFileReference; lastKnownFileType = wrapper.framework; name = Foundation.framework; path = System/Library/Frameworks/Foundation.framework; sourceTree = SDKROOT; };
		CEB76DE918F9A9B0007D8421 /* CoreGraphics.framework */ = {isa = PBXFileReference; lastKnownFileType = wrapper.framework; name = CoreGraphics.framework; path = System/Library/Frameworks/CoreGraphics.framework; sourceTree = SDKROOT; };
		CEB76DEB18F9A9B0007D8421 /* UIKit.framework */ = {isa = PBXFileReference; lastKnownFileType = wrapper.framework; name = UIKit.framework; path = System/Library/Frameworks/UIKit.framework; sourceTree = SDKROOT; };
		CEB76DEF18F9A9B0007D8421 /* iOSWindChallenge-Info.plist */ = {isa = PBXFileReference; lastKnownFileType = text.plist.xml; path = "iOSWindChallenge-Info.plist"; sourceTree = "<group>"; };
		CEB76DF118F9A9B0007D8421 /* en */ = {isa = PBXFileReference; lastKnownFileType = text.plist.strings; name = en; path = en.lproj/InfoPlist.strings; sourceTree = "<group>"; };
		CEB76DF318F9A9B0007D8421 /* main.m */ = {isa = PBXFileReference; lastKnownFileType = sourcecode.c.objc; path = main.m; sourceTree = "<group>"; };
		CEB76DF518F9A9B0007D8421 /* iOSWindChallenge-Prefix.pch */ = {isa = PBXFileReference; lastKnownFileType = sourcecode.c.h; path = "iOSWindChallenge-Prefix.pch"; sourceTree = "<group>"; };
		CEB76DF618F9A9B0007D8421 /* AppDelegate.h */ = {isa = PBXFileReference; lastKnownFileType = sourcecode.c.h; path = AppDelegate.h; sourceTree = "<group>"; };
		CEB76DF718F9A9B0007D8421 /* AppDelegate.m */ = {isa = PBXFileReference; lastKnownFileType = sourcecode.c.objc; path = AppDelegate.m; sourceTree = "<group>"; };
		CEB76DFA18F9A9B0007D8421 /* Base */ = {isa = PBXFileReference; lastKnownFileType = file.storyboard; name = Base; path = Base.lproj/Main_iPhone.storyboard; sourceTree = "<group>"; };
		CEB76DFD18F9A9B0007D8421 /* Base */ = {isa = PBXFileReference; lastKnownFileType = file.storyboard; name = Base; path = Base.lproj/Main_iPad.storyboard; sourceTree = "<group>"; };
		CEB76E0218F9A9B0007D8421 /* Images.xcassets */ = {isa = PBXFileReference; lastKnownFileType = folder.assetcatalog; path = Images.xcassets; sourceTree = "<group>"; };
		CEB76E0818F9A9B0007D8421 /* iOSWindChallengeTests.xctest */ = {isa = PBXFileReference; explicitFileType = wrapper.cfbundle; includeInIndex = 0; path = iOSWindChallengeTests.xctest; sourceTree = BUILT_PRODUCTS_DIR; };
		CEB76E0918F9A9B0007D8421 /* XCTest.framework */ = {isa = PBXFileReference; lastKnownFileType = wrapper.framework; name = XCTest.framework; path = Library/Frameworks/XCTest.framework; sourceTree = DEVELOPER_DIR; };
		CEB76E1118F9A9B0007D8421 /* iOSWindChallengeTests-Info.plist */ = {isa = PBXFileReference; lastKnownFileType = text.plist.xml; path = "iOSWindChallengeTests-Info.plist"; sourceTree = "<group>"; };
		CEB76E1318F9A9B0007D8421 /* en */ = {isa = PBXFileReference; lastKnownFileType = text.plist.strings; name = en; path = en.lproj/InfoPlist.strings; sourceTree = "<group>"; };
		CEB76E1518F9A9B0007D8421 /* iOSWindChallengeTests.m */ = {isa = PBXFileReference; lastKnownFileType = sourcecode.c.objc; path = iOSWindChallengeTests.m; sourceTree = "<group>"; };
		CEB76E2118F9B087007D8421 /* ViewController.h */ = {isa = PBXFileReference; fileEncoding = 4; lastKnownFileType = sourcecode.c.h; path = ViewController.h; sourceTree = "<group>"; };
		CEB76E2218F9B087007D8421 /* ViewController.m */ = {isa = PBXFileReference; fileEncoding = 4; lastKnownFileType = sourcecode.c.objc; path = ViewController.m; sourceTree = "<group>"; };
		CEB76E2518F9B5A9007D8421 /* DetailWeatherCityViewController.h */ = {isa = PBXFileReference; fileEncoding = 4; lastKnownFileType = sourcecode.c.h; path = DetailWeatherCityViewController.h; sourceTree = "<group>"; };
		CEB76E2618F9B5A9007D8421 /* DetailWeatherCityViewController.m */ = {isa = PBXFileReference; fileEncoding = 4; lastKnownFileType = sourcecode.c.objc; path = DetailWeatherCityViewController.m; sourceTree = "<group>"; };
/* End PBXFileReference section */

/* Begin PBXFrameworksBuildPhase section */
		CEB76DE118F9A9AF007D8421 /* Frameworks */ = {
			isa = PBXFrameworksBuildPhase;
			buildActionMask = 2147483647;
			files = (
				CE527A8118FDD4530046B7B3 /* CoreLocation.framework in Frameworks */,
				CE9F329718FDAE97007CC21E /* MapKit.framework in Frameworks */,
				71773BC318FC18A4009136DE /* CoreData.framework in Frameworks */,
				CEB76DEA18F9A9B0007D8421 /* CoreGraphics.framework in Frameworks */,
				CEB76DEC18F9A9B0007D8421 /* UIKit.framework in Frameworks */,
				CEB76DE818F9A9AF007D8421 /* Foundation.framework in Frameworks */,
				C33BD83CD2474C59BF1D8988 /* libPods.a in Frameworks */,
			);
			runOnlyForDeploymentPostprocessing = 0;
		};
		CEB76E0518F9A9B0007D8421 /* Frameworks */ = {
			isa = PBXFrameworksBuildPhase;
			buildActionMask = 2147483647;
			files = (
				CEB76E0A18F9A9B0007D8421 /* XCTest.framework in Frameworks */,
				CEB76E0C18F9A9B0007D8421 /* UIKit.framework in Frameworks */,
				CEB76E0B18F9A9B0007D8421 /* Foundation.framework in Frameworks */,
			);
			runOnlyForDeploymentPostprocessing = 0;
		};
/* End PBXFrameworksBuildPhase section */

/* Begin PBXGroup section */
		CE84454118FE5CF1001C4C2E /* Annotation Views */ = {
			isa = PBXGroup;
			children = (
				CE84453E18FE5CEC001C4C2E /* UserHereTrackingAnnotation.h */,
				CE84453F18FE5CEC001C4C2E /* UserHereTrackingAnnotation.m */,
				CE84454218FE5E4C001C4C2E /* CityAnnotation.h */,
				CE84454318FE5E4C001C4C2E /* CityAnnotation.m */,
				CE84454518FE62D3001C4C2E /* UserTrackingAnnotation.h */,
				CE84454618FE62D3001C4C2E /* UserTrackingAnnotation.m */,
			);
			name = "Annotation Views";
			sourceTree = "<group>";
		};
		CEB76DDB18F9A9AF007D8421 = {
			isa = PBXGroup;
			children = (
				CEB76DED18F9A9B0007D8421 /* iOSWindChallenge */,
				CEB76E0F18F9A9B0007D8421 /* iOSWindChallengeTests */,
				CEB76DE618F9A9AF007D8421 /* Frameworks */,
				CEB76DE518F9A9AF007D8421 /* Products */,
				8F2402166A36415CAE25014E /* Pods.xcconfig */,
			);
			sourceTree = "<group>";
		};
		CEB76DE518F9A9AF007D8421 /* Products */ = {
			isa = PBXGroup;
			children = (
				CEB76DE418F9A9AF007D8421 /* iOSWindChallenge.app */,
				CEB76E0818F9A9B0007D8421 /* iOSWindChallengeTests.xctest */,
			);
			name = Products;
			sourceTree = "<group>";
		};
		CEB76DE618F9A9AF007D8421 /* Frameworks */ = {
			isa = PBXGroup;
			children = (
				CE527A8018FDD4530046B7B3 /* CoreLocation.framework */,
				CE9F329618FDAE97007CC21E /* MapKit.framework */,
				71773BC218FC18A4009136DE /* CoreData.framework */,
				CEB76DE718F9A9AF007D8421 /* Foundation.framework */,
				CEB76DE918F9A9B0007D8421 /* CoreGraphics.framework */,
				CEB76DEB18F9A9B0007D8421 /* UIKit.framework */,
				CEB76E0918F9A9B0007D8421 /* XCTest.framework */,
				AA261B015A3545C3867DFDD4 /* libPods.a */,
			);
			name = Frameworks;
			sourceTree = "<group>";
		};
		CEB76DED18F9A9B0007D8421 /* iOSWindChallenge */ = {
			isa = PBXGroup;
			children = (
				CEB76DF918F9A9B0007D8421 /* Main_iPhone.storyboard */,
				CEB76E2418F9B09C007D8421 /* Controllers */,
				CEB76E1F18F9AFF0007D8421 /* Model */,
				CEB76DF618F9A9B0007D8421 /* AppDelegate.h */,
				CEB76DF718F9A9B0007D8421 /* AppDelegate.m */,
				CEB76DFC18F9A9B0007D8421 /* Main_iPad.storyboard */,
				CEB76E2018F9B04B007D8421 /* View */,
				CEB76E0218F9A9B0007D8421 /* Images.xcassets */,
				CEB76DEE18F9A9B0007D8421 /* Supporting Files */,
			);
			path = iOSWindChallenge;
			sourceTree = "<group>";
		};
		CEB76DEE18F9A9B0007D8421 /* Supporting Files */ = {
			isa = PBXGroup;
			children = (
				CEB76DEF18F9A9B0007D8421 /* iOSWindChallenge-Info.plist */,
				CEB76DF018F9A9B0007D8421 /* InfoPlist.strings */,
				CEB76DF318F9A9B0007D8421 /* main.m */,
				CEB76DF518F9A9B0007D8421 /* iOSWindChallenge-Prefix.pch */,
			);
			name = "Supporting Files";
			sourceTree = "<group>";
		};
		CEB76E0F18F9A9B0007D8421 /* iOSWindChallengeTests */ = {
			isa = PBXGroup;
			children = (
				CEB76E1518F9A9B0007D8421 /* iOSWindChallengeTests.m */,
				CEB76E1018F9A9B0007D8421 /* Supporting Files */,
			);
			path = iOSWindChallengeTests;
			sourceTree = "<group>";
		};
		CEB76E1018F9A9B0007D8421 /* Supporting Files */ = {
			isa = PBXGroup;
			children = (
				CEB76E1118F9A9B0007D8421 /* iOSWindChallengeTests-Info.plist */,
				CEB76E1218F9A9B0007D8421 /* InfoPlist.strings */,
			);
			name = "Supporting Files";
			sourceTree = "<group>";
		};
		CEB76E1F18F9AFF0007D8421 /* Model */ = {
			isa = PBXGroup;
			children = (
				CEA929E318FAA2DE001673B1 /* Model.xcdatamodeld */,
				CEA92A3C18FAF1D0001673B1 /* _JHMAlert.h */,
				CEA92A3D18FAF1D0001673B1 /* _JHMAlert.m */,
				CEA92A3E18FAF1D0001673B1 /* _JHMCity.h */,
				CEA92A3F18FAF1D0001673B1 /* _JHMCity.m */,
				CEA92A4018FAF1D0001673B1 /* _JHMNamedEntity.h */,
				CEA92A4118FAF1D0001673B1 /* _JHMNamedEntity.m */,
				CEA92A4218FAF1D0001673B1 /* _JHMWindDirectionsCatalog.h */,
				CEA92A4318FAF1D0001673B1 /* _JHMWindDirectionsCatalog.m */,
				CEA92A4418FAF1D0001673B1 /* JHMAlert.h */,
				CEA92A4518FAF1D0001673B1 /* JHMAlert.m */,
				CEA92A4618FAF1D0001673B1 /* JHMCity.h */,
				CEA92A4718FAF1D0001673B1 /* JHMCity.m */,
				CEA92A4818FAF1D0001673B1 /* JHMNamedEntity.h */,
				CEA92A4918FAF1D0001673B1 /* JHMNamedEntity.m */,
				CEA92A4A18FAF1D0001673B1 /* JHMWindDirectionsCatalog.h */,
				CEA92A4B18FAF1D0001673B1 /* JHMWindDirectionsCatalog.m */,
				CEA929E018FA9C97001673B1 /* AGTSimpleCoreDataStack.h */,
				CEA929E118FA9C97001673B1 /* AGTSimpleCoreDataStack.m */,
				CE9F328A18FD7EB0007CC21E /* City.h */,
				CE9F328B18FD7EB0007CC21E /* City.m */,
				CE9F328D18FD8FB6007CC21E /* Coordinate.h */,
				CE9F328E18FD8FB6007CC21E /* Coordinate.m */,
				CE9F329018FD9652007CC21E /* Weather.h */,
				CE9F329118FD9652007CC21E /* Weather.m */,
				CE9F329318FDA08A007CC21E /* Wind.h */,
				CE9F329418FDA08A007CC21E /* Wind.m */,
			);
			name = Model;
			sourceTree = "<group>";
		};
		CEB76E2018F9B04B007D8421 /* View */ = {
			isa = PBXGroup;
			children = (
				CE527A7D18FDB63D0046B7B3 /* CityCell.h */,
				CE527A7E18FDB63D0046B7B3 /* CityCell.m */,
				CEB76E2518F9B5A9007D8421 /* DetailWeatherCityViewController.h */,
				CEB76E2618F9B5A9007D8421 /* DetailWeatherCityViewController.m */,
				CEB76E2118F9B087007D8421 /* ViewController.h */,
				CEB76E2218F9B087007D8421 /* ViewController.m */,
				CE84454118FE5CF1001C4C2E /* Annotation Views */,
			);
			name = View;
			path = view;
			sourceTree = "<group>";
		};
		CEB76E2418F9B09C007D8421 /* Controllers */ = {
			isa = PBXGroup;
			children = (
			);
			name = Controllers;
			path = controllers;
			sourceTree = "<group>";
		};
/* End PBXGroup section */

/* Begin PBXNativeTarget section */
		CEB76DE318F9A9AF007D8421 /* iOSWindChallenge */ = {
			isa = PBXNativeTarget;
			buildConfigurationList = CEB76E1918F9A9B0007D8421 /* Build configuration list for PBXNativeTarget "iOSWindChallenge" */;
			buildPhases = (
				AE559E64C6A74AAEB6F94E0F /* Check Pods Manifest.lock */,
				CEB76DE018F9A9AF007D8421 /* Sources */,
				CEB76DE118F9A9AF007D8421 /* Frameworks */,
				CEB76DE218F9A9AF007D8421 /* Resources */,
				036C5715CE584EEAA0491E2D /* Copy Pods Resources */,
			);
			buildRules = (
			);
			dependencies = (
			);
			name = iOSWindChallenge;
			productName = iOSWindChallenge;
			productReference = CEB76DE418F9A9AF007D8421 /* iOSWindChallenge.app */;
			productType = "com.apple.product-type.application";
		};
		CEB76E0718F9A9B0007D8421 /* iOSWindChallengeTests */ = {
			isa = PBXNativeTarget;
			buildConfigurationList = CEB76E1C18F9A9B0007D8421 /* Build configuration list for PBXNativeTarget "iOSWindChallengeTests" */;
			buildPhases = (
				CEB76E0418F9A9B0007D8421 /* Sources */,
				CEB76E0518F9A9B0007D8421 /* Frameworks */,
				CEB76E0618F9A9B0007D8421 /* Resources */,
			);
			buildRules = (
			);
			dependencies = (
				CEB76E0E18F9A9B0007D8421 /* PBXTargetDependency */,
			);
			name = iOSWindChallengeTests;
			productName = iOSWindChallengeTests;
			productReference = CEB76E0818F9A9B0007D8421 /* iOSWindChallengeTests.xctest */;
			productType = "com.apple.product-type.bundle.unit-test";
		};
/* End PBXNativeTarget section */

/* Begin PBXProject section */
		CEB76DDC18F9A9AF007D8421 /* Project object */ = {
			isa = PBXProject;
			attributes = {
				LastUpgradeCheck = 0510;
				ORGANIZATIONNAME = Piksel;
				TargetAttributes = {
					CEB76DE318F9A9AF007D8421 = {
						DevelopmentTeam = A7WQE96FSS;
					};
					CEB76E0718F9A9B0007D8421 = {
						TestTargetID = CEB76DE318F9A9AF007D8421;
					};
				};
			};
			buildConfigurationList = CEB76DDF18F9A9AF007D8421 /* Build configuration list for PBXProject "iOSWindChallenge" */;
			compatibilityVersion = "Xcode 3.2";
			developmentRegion = English;
			hasScannedForEncodings = 0;
			knownRegions = (
				en,
				Base,
			);
			mainGroup = CEB76DDB18F9A9AF007D8421;
			productRefGroup = CEB76DE518F9A9AF007D8421 /* Products */;
			projectDirPath = "";
			projectRoot = "";
			targets = (
				CEB76DE318F9A9AF007D8421 /* iOSWindChallenge */,
				CEB76E0718F9A9B0007D8421 /* iOSWindChallengeTests */,
			);
		};
/* End PBXProject section */

/* Begin PBXResourcesBuildPhase section */
		CEB76DE218F9A9AF007D8421 /* Resources */ = {
			isa = PBXResourcesBuildPhase;
			buildActionMask = 2147483647;
			files = (
				CEB76DFE18F9A9B0007D8421 /* Main_iPad.storyboard in Resources */,
				CEB76E0318F9A9B0007D8421 /* Images.xcassets in Resources */,
				CEB76DFB18F9A9B0007D8421 /* Main_iPhone.storyboard in Resources */,
				CEB76DF218F9A9B0007D8421 /* InfoPlist.strings in Resources */,
			);
			runOnlyForDeploymentPostprocessing = 0;
		};
		CEB76E0618F9A9B0007D8421 /* Resources */ = {
			isa = PBXResourcesBuildPhase;
			buildActionMask = 2147483647;
			files = (
				CEB76E1418F9A9B0007D8421 /* InfoPlist.strings in Resources */,
			);
			runOnlyForDeploymentPostprocessing = 0;
		};
/* End PBXResourcesBuildPhase section */

/* Begin PBXShellScriptBuildPhase section */
		036C5715CE584EEAA0491E2D /* Copy Pods Resources */ = {
			isa = PBXShellScriptBuildPhase;
			buildActionMask = 2147483647;
			files = (
			);
			inputPaths = (
			);
			name = "Copy Pods Resources";
			outputPaths = (
			);
			runOnlyForDeploymentPostprocessing = 0;
			shellPath = /bin/sh;
			shellScript = "\"${SRCROOT}/Pods/Pods-resources.sh\"\n";
			showEnvVarsInLog = 0;
		};
		AE559E64C6A74AAEB6F94E0F /* Check Pods Manifest.lock */ = {
			isa = PBXShellScriptBuildPhase;
			buildActionMask = 2147483647;
			files = (
			);
			inputPaths = (
			);
			name = "Check Pods Manifest.lock";
			outputPaths = (
			);
			runOnlyForDeploymentPostprocessing = 0;
			shellPath = /bin/sh;
			shellScript = "diff \"${PODS_ROOT}/../Podfile.lock\" \"${PODS_ROOT}/Manifest.lock\" > /dev/null\nif [[ $? != 0 ]] ; then\n    cat << EOM\nerror: The sandbox is not in sync with the Podfile.lock. Run 'pod install' or update your CocoaPods installation.\nEOM\n    exit 1\nfi\n";
			showEnvVarsInLog = 0;
		};
/* End PBXShellScriptBuildPhase section */

/* Begin PBXSourcesBuildPhase section */
		CEB76DE018F9A9AF007D8421 /* Sources */ = {
			isa = PBXSourcesBuildPhase;
			buildActionMask = 2147483647;
			files = (
				CE527A7F18FDB63D0046B7B3 /* CityCell.m in Sources */,
				CEA92A4C18FAF1D0001673B1 /* _JHMAlert.m in Sources */,
				CEB76DF818F9A9B0007D8421 /* AppDelegate.m in Sources */,
				CEA929E218FA9C97001673B1 /* AGTSimpleCoreDataStack.m in Sources */,
				CEA92A5318FAF1D0001673B1 /* JHMWindDirectionsCatalog.m in Sources */,
				CEA92A4E18FAF1D0001673B1 /* _JHMNamedEntity.m in Sources */,
				CE9F329218FD9652007CC21E /* Weather.m in Sources */,
				CE9F328C18FD7EB0007CC21E /* City.m in Sources */,
				CEA929E518FAA2DE001673B1 /* Model.xcdatamodeld in Sources */,
				CEA92A5018FAF1D0001673B1 /* JHMAlert.m in Sources */,
				CE84454718FE62D3001C4C2E /* UserTrackingAnnotation.m in Sources */,
				CEA92A4F18FAF1D0001673B1 /* _JHMWindDirectionsCatalog.m in Sources */,
				CE84454418FE5E4C001C4C2E /* CityAnnotation.m in Sources */,
				CEA92A4D18FAF1D0001673B1 /* _JHMCity.m in Sources */,
				CEA92A5118FAF1D0001673B1 /* JHMCity.m in Sources */,
				CEB76E2718F9B5A9007D8421 /* DetailWeatherCityViewController.m in Sources */,
				CE9F329518FDA08A007CC21E /* Wind.m in Sources */,
				CE9F328F18FD8FB6007CC21E /* Coordinate.m in Sources */,
				CE84454018FE5CEC001C4C2E /* UserHereTrackingAnnotation.m in Sources */,
				CEB76E2318F9B087007D8421 /* ViewController.m in Sources */,
				CEB76DF418F9A9B0007D8421 /* main.m in Sources */,
				CEA92A5218FAF1D0001673B1 /* JHMNamedEntity.m in Sources */,
			);
			runOnlyForDeploymentPostprocessing = 0;
		};
		CEB76E0418F9A9B0007D8421 /* Sources */ = {
			isa = PBXSourcesBuildPhase;
			buildActionMask = 2147483647;
			files = (
				CEB76E1618F9A9B0007D8421 /* iOSWindChallengeTests.m in Sources */,
			);
			runOnlyForDeploymentPostprocessing = 0;
		};
/* End PBXSourcesBuildPhase section */

/* Begin PBXTargetDependency section */
		CEB76E0E18F9A9B0007D8421 /* PBXTargetDependency */ = {
			isa = PBXTargetDependency;
			target = CEB76DE318F9A9AF007D8421 /* iOSWindChallenge */;
			targetProxy = CEB76E0D18F9A9B0007D8421 /* PBXContainerItemProxy */;
		};
/* End PBXTargetDependency section */

/* Begin PBXVariantGroup section */
		CEB76DF018F9A9B0007D8421 /* InfoPlist.strings */ = {
			isa = PBXVariantGroup;
			children = (
				CEB76DF118F9A9B0007D8421 /* en */,
			);
			name = InfoPlist.strings;
			sourceTree = "<group>";
		};
		CEB76DF918F9A9B0007D8421 /* Main_iPhone.storyboard */ = {
			isa = PBXVariantGroup;
			children = (
				CEB76DFA18F9A9B0007D8421 /* Base */,
			);
			name = Main_iPhone.storyboard;
			sourceTree = "<group>";
		};
		CEB76DFC18F9A9B0007D8421 /* Main_iPad.storyboard */ = {
			isa = PBXVariantGroup;
			children = (
				CEB76DFD18F9A9B0007D8421 /* Base */,
			);
			name = Main_iPad.storyboard;
			sourceTree = "<group>";
		};
		CEB76E1218F9A9B0007D8421 /* InfoPlist.strings */ = {
			isa = PBXVariantGroup;
			children = (
				CEB76E1318F9A9B0007D8421 /* en */,
			);
			name = InfoPlist.strings;
			sourceTree = "<group>";
		};
/* End PBXVariantGroup section */

/* Begin XCBuildConfiguration section */
		CEB76E1718F9A9B0007D8421 /* Debug */ = {
			isa = XCBuildConfiguration;
			buildSettings = {
				ALWAYS_SEARCH_USER_PATHS = NO;
				CLANG_CXX_LANGUAGE_STANDARD = "gnu++0x";
				CLANG_CXX_LIBRARY = "libc++";
				CLANG_ENABLE_MODULES = YES;
				CLANG_ENABLE_OBJC_ARC = YES;
				CLANG_WARN_BOOL_CONVERSION = YES;
				CLANG_WARN_CONSTANT_CONVERSION = YES;
				CLANG_WARN_DIRECT_OBJC_ISA_USAGE = YES_ERROR;
				CLANG_WARN_EMPTY_BODY = YES;
				CLANG_WARN_ENUM_CONVERSION = YES;
				CLANG_WARN_INT_CONVERSION = YES;
				CLANG_WARN_OBJC_ROOT_CLASS = YES_ERROR;
				CLANG_WARN__DUPLICATE_METHOD_MATCH = YES;
				"CODE_SIGN_IDENTITY[sdk=iphoneos*]" = "iPhone Developer";
				COPY_PHASE_STRIP = NO;
				GCC_C_LANGUAGE_STANDARD = gnu99;
				GCC_DYNAMIC_NO_PIC = NO;
				GCC_OPTIMIZATION_LEVEL = 0;
				GCC_PREPROCESSOR_DEFINITIONS = (
					"DEBUG=1",
					"$(inherited)",
				);
				GCC_SYMBOLS_PRIVATE_EXTERN = NO;
				GCC_WARN_64_TO_32_BIT_CONVERSION = YES;
				GCC_WARN_ABOUT_RETURN_TYPE = YES_ERROR;
				GCC_WARN_UNDECLARED_SELECTOR = YES;
				GCC_WARN_UNINITIALIZED_AUTOS = YES_AGGRESSIVE;
				GCC_WARN_UNUSED_FUNCTION = YES;
				GCC_WARN_UNUSED_VARIABLE = YES;
				IPHONEOS_DEPLOYMENT_TARGET = 7.1;
				ONLY_ACTIVE_ARCH = YES;
				SDKROOT = iphoneos;
				TARGETED_DEVICE_FAMILY = "1,2";
			};
			name = Debug;
		};
		CEB76E1818F9A9B0007D8421 /* Release */ = {
			isa = XCBuildConfiguration;
			buildSettings = {
				ALWAYS_SEARCH_USER_PATHS = NO;
				CLANG_CXX_LANGUAGE_STANDARD = "gnu++0x";
				CLANG_CXX_LIBRARY = "libc++";
				CLANG_ENABLE_MODULES = YES;
				CLANG_ENABLE_OBJC_ARC = YES;
				CLANG_WARN_BOOL_CONVERSION = YES;
				CLANG_WARN_CONSTANT_CONVERSION = YES;
				CLANG_WARN_DIRECT_OBJC_ISA_USAGE = YES_ERROR;
				CLANG_WARN_EMPTY_BODY = YES;
				CLANG_WARN_ENUM_CONVERSION = YES;
				CLANG_WARN_INT_CONVERSION = YES;
				CLANG_WARN_OBJC_ROOT_CLASS = YES_ERROR;
				CLANG_WARN__DUPLICATE_METHOD_MATCH = YES;
				"CODE_SIGN_IDENTITY[sdk=iphoneos*]" = "iPhone Developer";
				COPY_PHASE_STRIP = YES;
				ENABLE_NS_ASSERTIONS = NO;
				GCC_C_LANGUAGE_STANDARD = gnu99;
				GCC_WARN_64_TO_32_BIT_CONVERSION = YES;
				GCC_WARN_ABOUT_RETURN_TYPE = YES_ERROR;
				GCC_WARN_UNDECLARED_SELECTOR = YES;
				GCC_WARN_UNINITIALIZED_AUTOS = YES_AGGRESSIVE;
				GCC_WARN_UNUSED_FUNCTION = YES;
				GCC_WARN_UNUSED_VARIABLE = YES;
				IPHONEOS_DEPLOYMENT_TARGET = 7.1;
				SDKROOT = iphoneos;
				TARGETED_DEVICE_FAMILY = "1,2";
				VALIDATE_PRODUCT = YES;
			};
			name = Release;
		};
		CEB76E1A18F9A9B0007D8421 /* Debug */ = {
			isa = XCBuildConfiguration;
			baseConfigurationReference = 8F2402166A36415CAE25014E /* Pods.xcconfig */;
			buildSettings = {
				ASSETCATALOG_COMPILER_APPICON_NAME = AppIcon;
				ASSETCATALOG_COMPILER_LAUNCHIMAGE_NAME = LaunchImage;
				CODE_SIGN_IDENTITY = "iPhone Developer";
				GCC_PRECOMPILE_PREFIX_HEADER = YES;
				GCC_PREFIX_HEADER = "iOSWindChallenge/iOSWindChallenge-Prefix.pch";
				INFOPLIST_FILE = "iOSWindChallenge/iOSWindChallenge-Info.plist";
				IPHONEOS_DEPLOYMENT_TARGET = 6.0;
				PRODUCT_NAME = "$(TARGET_NAME)";
				TARGETED_DEVICE_FAMILY = 1;
				WRAPPER_EXTENSION = app;
			};
			name = Debug;
		};
		CEB76E1B18F9A9B0007D8421 /* Release */ = {
			isa = XCBuildConfiguration;
			baseConfigurationReference = 8F2402166A36415CAE25014E /* Pods.xcconfig */;
			buildSettings = {
				ASSETCATALOG_COMPILER_APPICON_NAME = AppIcon;
				ASSETCATALOG_COMPILER_LAUNCHIMAGE_NAME = LaunchImage;
				CODE_SIGN_IDENTITY = "iPhone Developer";
				GCC_PRECOMPILE_PREFIX_HEADER = YES;
				GCC_PREFIX_HEADER = "iOSWindChallenge/iOSWindChallenge-Prefix.pch";
				INFOPLIST_FILE = "iOSWindChallenge/iOSWindChallenge-Info.plist";
				IPHONEOS_DEPLOYMENT_TARGET = 6.0;
				PRODUCT_NAME = "$(TARGET_NAME)";
				TARGETED_DEVICE_FAMILY = 1;
				WRAPPER_EXTENSION = app;
			};
			name = Release;
		};
		CEB76E1D18F9A9B0007D8421 /* Debug */ = {
			isa = XCBuildConfiguration;
			buildSettings = {
				BUNDLE_LOADER = "$(BUILT_PRODUCTS_DIR)/iOSWindChallenge.app/iOSWindChallenge";
				FRAMEWORK_SEARCH_PATHS = (
					"$(SDKROOT)/Developer/Library/Frameworks",
					"$(inherited)",
					"$(DEVELOPER_FRAMEWORKS_DIR)",
				);
				GCC_PRECOMPILE_PREFIX_HEADER = YES;
				GCC_PREFIX_HEADER = "iOSWindChallenge/iOSWindChallenge-Prefix.pch";
				GCC_PREPROCESSOR_DEFINITIONS = (
					"DEBUG=1",
					"$(inherited)",
				);
				INFOPLIST_FILE = "iOSWindChallengeTests/iOSWindChallengeTests-Info.plist";
				PRODUCT_NAME = "$(TARGET_NAME)";
				TEST_HOST = "$(BUNDLE_LOADER)";
				WRAPPER_EXTENSION = xctest;
			};
			name = Debug;
		};
		CEB76E1E18F9A9B0007D8421 /* Release */ = {
			isa = XCBuildConfiguration;
			buildSettings = {
				BUNDLE_LOADER = "$(BUILT_PRODUCTS_DIR)/iOSWindChallenge.app/iOSWindChallenge";
				FRAMEWORK_SEARCH_PATHS = (
					"$(SDKROOT)/Developer/Library/Frameworks",
					"$(inherited)",
					"$(DEVELOPER_FRAMEWORKS_DIR)",
				);
				GCC_PRECOMPILE_PREFIX_HEADER = YES;
				GCC_PREFIX_HEADER = "iOSWindChallenge/iOSWindChallenge-Prefix.pch";
				INFOPLIST_FILE = "iOSWindChallengeTests/iOSWindChallengeTests-Info.plist";
				PRODUCT_NAME = "$(TARGET_NAME)";
				TEST_HOST = "$(BUNDLE_LOADER)";
				WRAPPER_EXTENSION = xctest;
			};
			name = Release;
		};
/* End XCBuildConfiguration section */

/* Begin XCConfigurationList section */
		CEB76DDF18F9A9AF007D8421 /* Build configuration list for PBXProject "iOSWindChallenge" */ = {
			isa = XCConfigurationList;
			buildConfigurations = (
				CEB76E1718F9A9B0007D8421 /* Debug */,
				CEB76E1818F9A9B0007D8421 /* Release */,
			);
			defaultConfigurationIsVisible = 0;
			defaultConfigurationName = Release;
		};
		CEB76E1918F9A9B0007D8421 /* Build configuration list for PBXNativeTarget "iOSWindChallenge" */ = {
			isa = XCConfigurationList;
			buildConfigurations = (
				CEB76E1A18F9A9B0007D8421 /* Debug */,
				CEB76E1B18F9A9B0007D8421 /* Release */,
			);
			defaultConfigurationIsVisible = 0;
			defaultConfigurationName = Release;
		};
		CEB76E1C18F9A9B0007D8421 /* Build configuration list for PBXNativeTarget "iOSWindChallengeTests" */ = {
			isa = XCConfigurationList;
			buildConfigurations = (
				CEB76E1D18F9A9B0007D8421 /* Debug */,
				CEB76E1E18F9A9B0007D8421 /* Release */,
			);
			defaultConfigurationIsVisible = 0;
			defaultConfigurationName = Release;
		};
/* End XCConfigurationList section */

/* Begin XCVersionGroup section */
		CEA929E318FAA2DE001673B1 /* Model.xcdatamodeld */ = {
			isa = XCVersionGroup;
			children = (
				CEA929E418FAA2DE001673B1 /* Model.xcdatamodel */,
			);
			currentVersion = CEA929E418FAA2DE001673B1 /* Model.xcdatamodel */;
			name = Model.xcdatamodeld;
			path = model/Model.xcdatamodeld;
			sourceTree = "<group>";
			versionGroupType = wrapper.xcdatamodel;
		};
/* End XCVersionGroup section */
	};
	rootObject = CEB76DDC18F9A9AF007D8421 /* Project object */;
}
